
Microsoft Visual Studio Solution File, Format Version 12.00
# Visual Studio 15
VisualStudioVersion = 15.0.28010.2041
MinimumVisualStudioVersion = 10.0.40219.1
Project("{F184B08F-C81C-45F6-A57F-5ABD9991F28F}") = "Sample1", "Sample1\Sample1.vbproj", "{4D73D538-6980-48E4-A538-BE38EE2BD1EF}"
EndProject
Project("{F184B08F-C81C-45F6-A57F-5ABD9991F28F}") = "SqlScripts", "SqlScripts\SqlScripts.vbproj", "{E9B72D68-4315-464C-81D3-51A23AFF3556}"
EndProject
Project("{2150E333-8FDC-42A3-9474-1A3956D46DE8}") = "Solution Items", "Solution Items", "{47C1A5E5-951F-4C32-BD00-52E4DFD9D464}"
	ProjectSection(SolutionItems) = preProject
		readme.md = readme.md
	EndProjectSection
EndProject
Global
	GlobalSection(SolutionConfigurationPlatforms) = preSolution
		Debug|Any CPU = Debug|Any CPU
		Release|Any CPU = Release|Any CPU
	EndGlobalSection
	GlobalSection(ProjectConfigurationPlatforms) = postSolution
		{4D73D538-6980-48E4-A538-BE38EE2BD1EF}.Debug|Any CPU.ActiveCfg = Debug|Any CPU
		{4D73D538-6980-48E4-A538-BE38EE2BD1EF}.Debug|Any CPU.Build.0 = Debug|Any CPU
		{4D73D538-6980-48E4-A538-BE38EE2BD1EF}.Release|Any CPU.ActiveCfg = Release|Any CPU
		{4D73D538-6980-48E4-A538-BE38EE2BD1EF}.Release|Any CPU.Build.0 = Release|Any CPU
		{E9B72D68-4315-464C-81D3-51A23AFF3556}.Debug|Any CPU.ActiveCfg = Debug|Any CPU
		{E9B72D68-4315-464C-81D3-51A23AFF3556}.Debug|Any CPU.Build.0 = Debug|Any CPU
		{E9B72D68-4315-464C-81D3-51A23AFF3556}.Release|Any CPU.ActiveCfg = Release|Any CPU
		{E9B72D68-4315-464C-81D3-51A23AFF3556}.Release|Any CPU.Build.0 = Release|Any CPU
	EndGlobalSection
	GlobalSection(SolutionProperties) = preSolution
		HideSolutionNode = FALSE
	EndGlobalSection
	GlobalSection(ExtensibilityGlobals) = postSolution
		SolutionGuid = {A85F32C5-B967-410F-9843-7864E14E3FBA}
	EndGlobalSection
EndGlobal
